version = 1
revision = 2
requires-python = ">=3.10"

[[package]]
name = "asgiref"
version = "3.9.1"
source = { registry = "https://pypi.org/simple" }
dependencies = [
    { name = "typing-extensions", marker = "python_full_version < '3.11'" },
]
sdist = { url = "https://files.pythonhosted.org/packages/90/61/0aa957eec22ff70b830b22ff91f825e70e1ef732c06666a805730f28b36b/asgiref-3.9.1.tar.gz", hash = "sha256:a5ab6582236218e5ef1648f242fd9f10626cfd4de8dc377db215d5d5098e3142", size = 36870, upload-time = "2025-07-08T09:07:43.344Z" }
wheels = [
    { url = "https://files.pythonhosted.org/packages/7c/3c/0464dcada90d5da0e71018c04a140ad6349558afb30b3051b4264cc5b965/asgiref-3.9.1-py3-none-any.whl", hash = "sha256:f3bba7092a48005b5f5bacd747d36ee4a5a61f4a269a6df590b43144355ebd2c", size = 23790, upload-time = "2025-07-08T09:07:41.548Z" },
]

[[package]]
name = "async-timeout"
version = "5.0.1"
source = { registry = "https://pypi.org/simple" }
sdist = { url = "https://files.pythonhosted.org/packages/a5/ae/136395dfbfe00dfc94da3f3e136d0b13f394cba8f4841120e34226265780/async_timeout-5.0.1.tar.gz", hash = "sha256:d9321a7a3d5a6a5e187e824d2fa0793ce379a202935782d555d6e9d2735677d3", size = 9274, upload-time = "2024-11-06T16:41:39.6Z" }
wheels = [
    { url = "https://files.pythonhosted.org/packages/fe/ba/e2081de779ca30d473f21f5b30e0e737c438205440784c7dfc81efc2b029/async_timeout-5.0.1-py3-none-any.whl", hash = "sha256:39e3809566ff85354557ec2398b55e096c8364bacac9405a7a1fa429e77fe76c", size = 6233, upload-time = "2024-11-06T16:41:37.9Z" },
]

[[package]]
name = "cffi"
version = "1.17.1"
source = { registry = "https://pypi.org/simple" }
dependencies = [
    { name = "pycparser" },
]
sdist = { url = "https://files.pythonhosted.org/packages/fc/97/c783634659c2920c3fc70419e3af40972dbaf758daa229a7d6ea6135c90d/cffi-1.17.1.tar.gz", hash = "sha256:1c39c6016c32bc48dd54561950ebd6836e1670f2ae46128f67cf49e789c52824", size = 516621, upload-time = "2024-09-04T20:45:21.852Z" }
wheels = [
    { url = "https://files.pythonhosted.org/packages/90/07/f44ca684db4e4f08a3fdc6eeb9a0d15dc6883efc7b8c90357fdbf74e186c/cffi-1.17.1-cp310-cp310-macosx_10_9_x86_64.whl", hash = "sha256:df8b1c11f177bc2313ec4b2d46baec87a5f3e71fc8b45dab2ee7cae86d9aba14", size = 182191, upload-time = "2024-09-04T20:43:30.027Z" },
    { url = "https://files.pythonhosted.org/packages/08/fd/cc2fedbd887223f9f5d170c96e57cbf655df9831a6546c1727ae13fa977a/cffi-1.17.1-cp310-cp310-macosx_11_0_arm64.whl", hash = "sha256:8f2cdc858323644ab277e9bb925ad72ae0e67f69e804f4898c070998d50b1a67", size = 178592, upload-time = "2024-09-04T20:43:32.108Z" },
    { url = "https://files.pythonhosted.org/packages/de/cc/4635c320081c78d6ffc2cab0a76025b691a91204f4aa317d568ff9280a2d/cffi-1.17.1-cp310-cp310-manylinux_2_12_i686.manylinux2010_i686.manylinux_2_17_i686.manylinux2014_i686.whl", hash = "sha256:edae79245293e15384b51f88b00613ba9f7198016a5948b5dddf4917d4d26382", size = 426024, upload-time = "2024-09-04T20:43:34.186Z" },
    { url = "https://files.pythonhosted.org/packages/b6/7b/3b2b250f3aab91abe5f8a51ada1b717935fdaec53f790ad4100fe2ec64d1/cffi-1.17.1-cp310-cp310-manylinux_2_17_aarch64.manylinux2014_aarch64.whl", hash = "sha256:45398b671ac6d70e67da8e4224a065cec6a93541bb7aebe1b198a61b58c7b702", size = 448188, upload-time = "2024-09-04T20:43:36.286Z" },
    { url = "https://files.pythonhosted.org/packages/d3/48/1b9283ebbf0ec065148d8de05d647a986c5f22586b18120020452fff8f5d/cffi-1.17.1-cp310-cp310-manylinux_2_17_ppc64le.manylinux2014_ppc64le.whl", hash = "sha256:ad9413ccdeda48c5afdae7e4fa2192157e991ff761e7ab8fdd8926f40b160cc3", size = 455571, upload-time = "2024-09-04T20:43:38.586Z" },
    { url = "https://files.pythonhosted.org/packages/40/87/3b8452525437b40f39ca7ff70276679772ee7e8b394934ff60e63b7b090c/cffi-1.17.1-cp310-cp310-manylinux_2_17_s390x.manylinux2014_s390x.whl", hash = "sha256:5da5719280082ac6bd9aa7becb3938dc9f9cbd57fac7d2871717b1feb0902ab6", size = 436687, upload-time = "2024-09-04T20:43:40.084Z" },
    { url = "https://files.pythonhosted.org/packages/8d/fb/4da72871d177d63649ac449aec2e8a29efe0274035880c7af59101ca2232/cffi-1.17.1-cp310-cp310-manylinux_2_17_x86_64.manylinux2014_x86_64.whl", hash = "sha256:2bb1a08b8008b281856e5971307cc386a8e9c5b625ac297e853d36da6efe9c17", size = 446211, upload-time = "2024-09-04T20:43:41.526Z" },
    { url = "https://files.pythonhosted.org/packages/ab/a0/62f00bcb411332106c02b663b26f3545a9ef136f80d5df746c05878f8c4b/cffi-1.17.1-cp310-cp310-musllinux_1_1_aarch64.whl", hash = "sha256:045d61c734659cc045141be4bae381a41d89b741f795af1dd018bfb532fd0df8", size = 461325, upload-time = "2024-09-04T20:43:43.117Z" },
    { url = "https://files.pythonhosted.org/packages/36/83/76127035ed2e7e27b0787604d99da630ac3123bfb02d8e80c633f218a11d/cffi-1.17.1-cp310-cp310-musllinux_1_1_i686.whl", hash = "sha256:6883e737d7d9e4899a8a695e00ec36bd4e5e4f18fabe0aca0efe0a4b44cdb13e", size = 438784, upload-time = "2024-09-04T20:43:45.256Z" },
    { url = "https://files.pythonhosted.org/packages/21/81/a6cd025db2f08ac88b901b745c163d884641909641f9b826e8cb87645942/cffi-1.17.1-cp310-cp310-musllinux_1_1_x86_64.whl", hash = "sha256:6b8b4a92e1c65048ff98cfe1f735ef8f1ceb72e3d5f0c25fdb12087a23da22be", size = 461564, upload-time = "2024-09-04T20:43:46.779Z" },
    { url = "https://files.pythonhosted.org/packages/f8/fe/4d41c2f200c4a457933dbd98d3cf4e911870877bd94d9656cc0fcb390681/cffi-1.17.1-cp310-cp310-win32.whl", hash = "sha256:c9c3d058ebabb74db66e431095118094d06abf53284d9c81f27300d0e0d8bc7c", size = 171804, upload-time = "2024-09-04T20:43:48.186Z" },
    { url = "https://files.pythonhosted.org/packages/d1/b6/0b0f5ab93b0df4acc49cae758c81fe4e5ef26c3ae2e10cc69249dfd8b3ab/cffi-1.17.1-cp310-cp310-win_amd64.whl", hash = "sha256:0f048dcf80db46f0098ccac01132761580d28e28bc0f78ae0d58048063317e15", size = 181299, upload-time = "2024-09-04T20:43:49.812Z" },
    { url = "https://files.pythonhosted.org/packages/6b/f4/927e3a8899e52a27fa57a48607ff7dc91a9ebe97399b357b85a0c7892e00/cffi-1.17.1-cp311-cp311-macosx_10_9_x86_64.whl", hash = "sha256:a45e3c6913c5b87b3ff120dcdc03f6131fa0065027d0ed7ee6190736a74cd401", size = 182264, upload-time = "2024-09-04T20:43:51.124Z" },
    { url = "https://files.pythonhosted.org/packages/6c/f5/6c3a8efe5f503175aaddcbea6ad0d2c96dad6f5abb205750d1b3df44ef29/cffi-1.17.1-cp311-cp311-macosx_11_0_arm64.whl", hash = "sha256:30c5e0cb5ae493c04c8b42916e52ca38079f1b235c2f8ae5f4527b963c401caf", size = 178651, upload-time = "2024-09-04T20:43:52.872Z" },
    { url = "https://files.pythonhosted.org/packages/94/dd/a3f0118e688d1b1a57553da23b16bdade96d2f9bcda4d32e7d2838047ff7/cffi-1.17.1-cp311-cp311-manylinux_2_12_i686.manylinux2010_i686.manylinux_2_17_i686.manylinux2014_i686.whl", hash = "sha256:f75c7ab1f9e4aca5414ed4d8e5c0e303a34f4421f8a0d47a4d019ceff0ab6af4", size = 445259, upload-time = "2024-09-04T20:43:56.123Z" },
    { url = "https://files.pythonhosted.org/packages/2e/ea/70ce63780f096e16ce8588efe039d3c4f91deb1dc01e9c73a287939c79a6/cffi-1.17.1-cp311-cp311-manylinux_2_17_aarch64.manylinux2014_aarch64.whl", hash = "sha256:a1ed2dd2972641495a3ec98445e09766f077aee98a1c896dcb4ad0d303628e41", size = 469200, upload-time = "2024-09-04T20:43:57.891Z" },
    { url = "https://files.pythonhosted.org/packages/1c/a0/a4fa9f4f781bda074c3ddd57a572b060fa0df7655d2a4247bbe277200146/cffi-1.17.1-cp311-cp311-manylinux_2_17_ppc64le.manylinux2014_ppc64le.whl", hash = "sha256:46bf43160c1a35f7ec506d254e5c890f3c03648a4dbac12d624e4490a7046cd1", size = 477235, upload-time = "2024-09-04T20:44:00.18Z" },
    { url = "https://files.pythonhosted.org/packages/62/12/ce8710b5b8affbcdd5c6e367217c242524ad17a02fe5beec3ee339f69f85/cffi-1.17.1-cp311-cp311-manylinux_2_17_s390x.manylinux2014_s390x.whl", hash = "sha256:a24ed04c8ffd54b0729c07cee15a81d964e6fee0e3d4d342a27b020d22959dc6", size = 459721, upload-time = "2024-09-04T20:44:01.585Z" },
    { url = "https://files.pythonhosted.org/packages/ff/6b/d45873c5e0242196f042d555526f92aa9e0c32355a1be1ff8c27f077fd37/cffi-1.17.1-cp311-cp311-manylinux_2_17_x86_64.manylinux2014_x86_64.whl", hash = "sha256:610faea79c43e44c71e1ec53a554553fa22321b65fae24889706c0a84d4ad86d", size = 467242, upload-time = "2024-09-04T20:44:03.467Z" },
    { url = "https://files.pythonhosted.org/packages/1a/52/d9a0e523a572fbccf2955f5abe883cfa8bcc570d7faeee06336fbd50c9fc/cffi-1.17.1-cp311-cp311-musllinux_1_1_aarch64.whl", hash = "sha256:a9b15d491f3ad5d692e11f6b71f7857e7835eb677955c00cc0aefcd0669adaf6", size = 477999, upload-time = "2024-09-04T20:44:05.023Z" },
    { url = "https://files.pythonhosted.org/packages/44/74/f2a2460684a1a2d00ca799ad880d54652841a780c4c97b87754f660c7603/cffi-1.17.1-cp311-cp311-musllinux_1_1_i686.whl", hash = "sha256:de2ea4b5833625383e464549fec1bc395c1bdeeb5f25c4a3a82b5a8c756ec22f", size = 454242, upload-time = "2024-09-04T20:44:06.444Z" },
    { url = "https://files.pythonhosted.org/packages/f8/4a/34599cac7dfcd888ff54e801afe06a19c17787dfd94495ab0c8d35fe99fb/cffi-1.17.1-cp311-cp311-musllinux_1_1_x86_64.whl", hash = "sha256:fc48c783f9c87e60831201f2cce7f3b2e4846bf4d8728eabe54d60700b318a0b", size = 478604, upload-time = "2024-09-04T20:44:08.206Z" },
    { url = "https://files.pythonhosted.org/packages/34/33/e1b8a1ba29025adbdcda5fb3a36f94c03d771c1b7b12f726ff7fef2ebe36/cffi-1.17.1-cp311-cp311-win32.whl", hash = "sha256:85a950a4ac9c359340d5963966e3e0a94a676bd6245a4b55bc43949eee26a655", size = 171727, upload-time = "2024-09-04T20:44:09.481Z" },
    { url = "https://files.pythonhosted.org/packages/3d/97/50228be003bb2802627d28ec0627837ac0bf35c90cf769812056f235b2d1/cffi-1.17.1-cp311-cp311-win_amd64.whl", hash = "sha256:caaf0640ef5f5517f49bc275eca1406b0ffa6aa184892812030f04c2abf589a0", size = 181400, upload-time = "2024-09-04T20:44:10.873Z" },
    { url = "https://files.pythonhosted.org/packages/5a/84/e94227139ee5fb4d600a7a4927f322e1d4aea6fdc50bd3fca8493caba23f/cffi-1.17.1-cp312-cp312-macosx_10_9_x86_64.whl", hash = "sha256:805b4371bf7197c329fcb3ead37e710d1bca9da5d583f5073b799d5c5bd1eee4", size = 183178, upload-time = "2024-09-04T20:44:12.232Z" },
    { url = "https://files.pythonhosted.org/packages/da/ee/fb72c2b48656111c4ef27f0f91da355e130a923473bf5ee75c5643d00cca/cffi-1.17.1-cp312-cp312-macosx_11_0_arm64.whl", hash = "sha256:733e99bc2df47476e3848417c5a4540522f234dfd4ef3ab7fafdf555b082ec0c", size = 178840, upload-time = "2024-09-04T20:44:13.739Z" },
    { url = "https://files.pythonhosted.org/packages/cc/b6/db007700f67d151abadf508cbfd6a1884f57eab90b1bb985c4c8c02b0f28/cffi-1.17.1-cp312-cp312-manylinux_2_12_i686.manylinux2010_i686.manylinux_2_17_i686.manylinux2014_i686.whl", hash = "sha256:1257bdabf294dceb59f5e70c64a3e2f462c30c7ad68092d01bbbfb1c16b1ba36", size = 454803, upload-time = "2024-09-04T20:44:15.231Z" },
    { url = "https://files.pythonhosted.org/packages/1a/df/f8d151540d8c200eb1c6fba8cd0dfd40904f1b0682ea705c36e6c2e97ab3/cffi-1.17.1-cp312-cp312-manylinux_2_17_aarch64.manylinux2014_aarch64.whl", hash = "sha256:da95af8214998d77a98cc14e3a3bd00aa191526343078b530ceb0bd710fb48a5", size = 478850, upload-time = "2024-09-04T20:44:17.188Z" },
    { url = "https://files.pythonhosted.org/packages/28/c0/b31116332a547fd2677ae5b78a2ef662dfc8023d67f41b2a83f7c2aa78b1/cffi-1.17.1-cp312-cp312-manylinux_2_17_ppc64le.manylinux2014_ppc64le.whl", hash = "sha256:d63afe322132c194cf832bfec0dc69a99fb9bb6bbd550f161a49e9e855cc78ff", size = 485729, upload-time = "2024-09-04T20:44:18.688Z" },
    { url = "https://files.pythonhosted.org/packages/91/2b/9a1ddfa5c7f13cab007a2c9cc295b70fbbda7cb10a286aa6810338e60ea1/cffi-1.17.1-cp312-cp312-manylinux_2_17_s390x.manylinux2014_s390x.whl", hash = "sha256:f79fc4fc25f1c8698ff97788206bb3c2598949bfe0fef03d299eb1b5356ada99", size = 471256, upload-time = "2024-09-04T20:44:20.248Z" },
    { url = "https://files.pythonhosted.org/packages/b2/d5/da47df7004cb17e4955df6a43d14b3b4ae77737dff8bf7f8f333196717bf/cffi-1.17.1-cp312-cp312-manylinux_2_17_x86_64.manylinux2014_x86_64.whl", hash = "sha256:b62ce867176a75d03a665bad002af8e6d54644fad99a3c70905c543130e39d93", size = 479424, upload-time = "2024-09-04T20:44:21.673Z" },
    { url = "https://files.pythonhosted.org/packages/0b/ac/2a28bcf513e93a219c8a4e8e125534f4f6db03e3179ba1c45e949b76212c/cffi-1.17.1-cp312-cp312-musllinux_1_1_aarch64.whl", hash = "sha256:386c8bf53c502fff58903061338ce4f4950cbdcb23e2902d86c0f722b786bbe3", size = 484568, upload-time = "2024-09-04T20:44:23.245Z" },
    { url = "https://files.pythonhosted.org/packages/d4/38/ca8a4f639065f14ae0f1d9751e70447a261f1a30fa7547a828ae08142465/cffi-1.17.1-cp312-cp312-musllinux_1_1_x86_64.whl", hash = "sha256:4ceb10419a9adf4460ea14cfd6bc43d08701f0835e979bf821052f1805850fe8", size = 488736, upload-time = "2024-09-04T20:44:24.757Z" },
    { url = "https://files.pythonhosted.org/packages/86/c5/28b2d6f799ec0bdecf44dced2ec5ed43e0eb63097b0f58c293583b406582/cffi-1.17.1-cp312-cp312-win32.whl", hash = "sha256:a08d7e755f8ed21095a310a693525137cfe756ce62d066e53f502a83dc550f65", size = 172448, upload-time = "2024-09-04T20:44:26.208Z" },
    { url = "https://files.pythonhosted.org/packages/50/b9/db34c4755a7bd1cb2d1603ac3863f22bcecbd1ba29e5ee841a4bc510b294/cffi-1.17.1-cp312-cp312-win_amd64.whl", hash = "sha256:51392eae71afec0d0c8fb1a53b204dbb3bcabcb3c9b807eedf3e1e6ccf2de903", size = 181976, upload-time = "2024-09-04T20:44:27.578Z" },
    { url = "https://files.pythonhosted.org/packages/8d/f8/dd6c246b148639254dad4d6803eb6a54e8c85c6e11ec9df2cffa87571dbe/cffi-1.17.1-cp313-cp313-macosx_10_13_x86_64.whl", hash = "sha256:f3a2b4222ce6b60e2e8b337bb9596923045681d71e5a082783484d845390938e", size = 182989, upload-time = "2024-09-04T20:44:28.956Z" },
    { url = "https://files.pythonhosted.org/packages/8b/f1/672d303ddf17c24fc83afd712316fda78dc6fce1cd53011b839483e1ecc8/cffi-1.17.1-cp313-cp313-macosx_11_0_arm64.whl", hash = "sha256:0984a4925a435b1da406122d4d7968dd861c1385afe3b45ba82b750f229811e2", size = 178802, upload-time = "2024-09-04T20:44:30.289Z" },
    { url = "https://files.pythonhosted.org/packages/0e/2d/eab2e858a91fdff70533cab61dcff4a1f55ec60425832ddfdc9cd36bc8af/cffi-1.17.1-cp313-cp313-manylinux_2_12_i686.manylinux2010_i686.manylinux_2_17_i686.manylinux2014_i686.whl", hash = "sha256:d01b12eeeb4427d3110de311e1774046ad344f5b1a7403101878976ecd7a10f3", size = 454792, upload-time = "2024-09-04T20:44:32.01Z" },
    { url = "https://files.pythonhosted.org/packages/75/b2/fbaec7c4455c604e29388d55599b99ebcc250a60050610fadde58932b7ee/cffi-1.17.1-cp313-cp313-manylinux_2_17_aarch64.manylinux2014_aarch64.whl", hash = "sha256:706510fe141c86a69c8ddc029c7910003a17353970cff3b904ff0686a5927683", size = 478893, upload-time = "2024-09-04T20:44:33.606Z" },
    { url = "https://files.pythonhosted.org/packages/4f/b7/6e4a2162178bf1935c336d4da8a9352cccab4d3a5d7914065490f08c0690/cffi-1.17.1-cp313-cp313-manylinux_2_17_ppc64le.manylinux2014_ppc64le.whl", hash = "sha256:de55b766c7aa2e2a3092c51e0483d700341182f08e67c63630d5b6f200bb28e5", size = 485810, upload-time = "2024-09-04T20:44:35.191Z" },
    { url = "https://files.pythonhosted.org/packages/c7/8a/1d0e4a9c26e54746dc08c2c6c037889124d4f59dffd853a659fa545f1b40/cffi-1.17.1-cp313-cp313-manylinux_2_17_s390x.manylinux2014_s390x.whl", hash = "sha256:c59d6e989d07460165cc5ad3c61f9fd8f1b4796eacbd81cee78957842b834af4", size = 471200, upload-time = "2024-09-04T20:44:36.743Z" },
    { url = "https://files.pythonhosted.org/packages/26/9f/1aab65a6c0db35f43c4d1b4f580e8df53914310afc10ae0397d29d697af4/cffi-1.17.1-cp313-cp313-manylinux_2_17_x86_64.manylinux2014_x86_64.whl", hash = "sha256:dd398dbc6773384a17fe0d3e7eeb8d1a21c2200473ee6806bb5e6a8e62bb73dd", size = 479447, upload-time = "2024-09-04T20:44:38.492Z" },
    { url = "https://files.pythonhosted.org/packages/5f/e4/fb8b3dd8dc0e98edf1135ff067ae070bb32ef9d509d6cb0f538cd6f7483f/cffi-1.17.1-cp313-cp313-musllinux_1_1_aarch64.whl", hash = "sha256:3edc8d958eb099c634dace3c7e16560ae474aa3803a5df240542b305d14e14ed", size = 484358, upload-time = "2024-09-04T20:44:40.046Z" },
    { url = "https://files.pythonhosted.org/packages/f1/47/d7145bf2dc04684935d57d67dff9d6d795b2ba2796806bb109864be3a151/cffi-1.17.1-cp313-cp313-musllinux_1_1_x86_64.whl", hash = "sha256:72e72408cad3d5419375fc87d289076ee319835bdfa2caad331e377589aebba9", size = 488469, upload-time = "2024-09-04T20:44:41.616Z" },
    { url = "https://files.pythonhosted.org/packages/bf/ee/f94057fa6426481d663b88637a9a10e859e492c73d0384514a17d78ee205/cffi-1.17.1-cp313-cp313-win32.whl", hash = "sha256:e03eab0a8677fa80d646b5ddece1cbeaf556c313dcfac435ba11f107ba117b5d", size = 172475, upload-time = "2024-09-04T20:44:43.733Z" },
    { url = "https://files.pythonhosted.org/packages/7c/fc/6a8cb64e5f0324877d503c854da15d76c1e50eb722e320b15345c4d0c6de/cffi-1.17.1-cp313-cp313-win_amd64.whl", hash = "sha256:f6a16c31041f09ead72d69f583767292f750d24913dadacf5756b966aacb3f1a", size = 182009, upload-time = "2024-09-04T20:44:45.309Z" },
]

[[package]]
name = "django"
version = "5.2"
source = { registry = "https://pypi.org/simple" }
dependencies = [
    { name = "asgiref" },
    { name = "sqlparse" },
    { name = "tzdata", marker = "sys_platform == 'win32'" },
]
sdist = { url = "https://files.pythonhosted.org/packages/4c/1b/c6da718c65228eb3a7ff7ba6a32d8e80fa840ca9057490504e099e4dd1ef/Django-5.2.tar.gz", hash = "sha256:1a47f7a7a3d43ce64570d350e008d2949abe8c7e21737b351b6a1611277c6d89", size = 10824891, upload-time = "2025-04-02T13:08:06.874Z" }
wheels = [
    { url = "https://files.pythonhosted.org/packages/63/e0/6a5b5ea350c5bd63fe94b05e4c146c18facb51229d9dee42aa39f9fc2214/Django-5.2-py3-none-any.whl", hash = "sha256:91ceed4e3a6db5aedced65e3c8f963118ea9ba753fc620831c77074e620e7d83", size = 8301361, upload-time = "2025-04-02T13:08:01.465Z" },
]

[[package]]
name = "django-dramatiq"
version = "0.14.0"
source = { registry = "https://pypi.org/simple" }
dependencies = [
    { name = "django" },
    { name = "dramatiq" },
]
sdist = { url = "https://files.pythonhosted.org/packages/89/20/74c7225bc54495e65a3675b34ee65dfb5a4795877c715e6643474998c60d/django_dramatiq-0.14.0.tar.gz", hash = "sha256:dd957fa3c3d5106830ce90f10f72a8f07249643c5f35ccfaee1b9a79f7f5d6dd", size = 15659, upload-time = "2025-07-23T18:54:56.71Z" }
wheels = [
    { url = "https://files.pythonhosted.org/packages/11/41/fe143b92023a6ceb2ff0165d98a058479ac8e8af35cba1cf31c1b1cd4db1/django_dramatiq-0.14.0-py3-none-any.whl", hash = "sha256:78da4a5cccecf7aa099bf66a6d706269f2d0541056a4e9cdc1e54a043f38f4e1", size = 12506, upload-time = "2025-07-23T18:54:55.676Z" },
]

[[package]]
name = "django-redis"
version = "6.0.0"
source = { registry = "https://pypi.org/simple" }
dependencies = [
    { name = "django" },
    { name = "redis" },
]
sdist = { url = "https://files.pythonhosted.org/packages/08/53/dbcfa1e528e0d6c39947092625b2c89274b5d88f14d357cee53c4d6dbbd4/django_redis-6.0.0.tar.gz", hash = "sha256:2d9cb12a20424a4c4dde082c6122f486628bae2d9c2bee4c0126a4de7fda00dd", size = 56904, upload-time = "2025-06-17T18:15:46.376Z" }
wheels = [
    { url = "https://files.pythonhosted.org/packages/7e/79/055dfcc508cfe9f439d9f453741188d633efa9eab90fc78a67b0ab50b137/django_redis-6.0.0-py3-none-any.whl", hash = "sha256:20bf0063a8abee567eb5f77f375143c32810c8700c0674ced34737f8de4e36c0", size = 33687, upload-time = "2025-06-17T18:15:34.165Z" },
]

[[package]]
name = "djangorestframework"
version = "3.16.1"
source = { registry = "https://pypi.org/simple" }
dependencies = [
    { name = "django" },
]
sdist = { url = "https://files.pythonhosted.org/packages/8a/95/5376fe618646fde6899b3cdc85fd959716bb67542e273a76a80d9f326f27/djangorestframework-3.16.1.tar.gz", hash = "sha256:166809528b1aced0a17dc66c24492af18049f2c9420dbd0be29422029cfc3ff7", size = 1089735, upload-time = "2025-08-06T17:50:53.251Z" }
wheels = [
    { url = "https://files.pythonhosted.org/packages/b0/ce/bf8b9d3f415be4ac5588545b5fcdbbb841977db1c1d923f7568eeabe1689/djangorestframework-3.16.1-py3-none-any.whl", hash = "sha256:33a59f47fb9c85ede792cbf88bde71893bcda0667bc573f784649521f1102cec", size = 1080442, upload-time = "2025-08-06T17:50:50.667Z" },
]

[[package]]
name = "dramatiq"
version = "1.18.0"
source = { registry = "https://pypi.org/simple" }
dependencies = [
    { name = "prometheus-client" },
]
sdist = { url = "https://files.pythonhosted.org/packages/d9/9f/c8be928a88c387ed27344de089278e76d893dc71ad9e4b2a39a61deab0d8/dramatiq-1.18.0.tar.gz", hash = "sha256:5ea436b6e50dae64d4de04f1eb519ad239a6b1ba6315ba1dce1c0c4c1ebedfaf", size = 100868, upload-time = "2025-05-30T12:00:31.913Z" }
wheels = [
    { url = "https://files.pythonhosted.org/packages/ac/00/d9ea755cdeda3d498504775b62122b72ba282b91446fd58980171fb1084c/dramatiq-1.18.0-py3-none-any.whl", hash = "sha256:d360f608aa3cd06f5db714bfcd23825dc7098bacfee52aca536b0bb0faae3c69", size = 121231, upload-time = "2025-05-30T12:00:30.199Z" },
]

[[package]]
name = "jarcode"
version = "0.1.0"
source = { virtual = "." }
dependencies = [
    { name = "django" },
    { name = "django-dramatiq" },
    { name = "django-redis" },
    { name = "djangorestframework" },
    { name = "dramatiq" },
    { name = "pika" },
    { name = "psycopg2-binary" },
    { name = "rabbitmq" },
    { name = "redis" },
]

[package.metadata]
requires-dist = [
    { name = "django", specifier = "==5.2.0" },
    { name = "django-dramatiq", specifier = ">=0.14.0" },
    { name = "django-redis", specifier = ">=6.0.0" },
    { name = "djangorestframework", specifier = "==3.16.1" },
    { name = "dramatiq", specifier = ">=1.18.0" },
    { name = "pika", specifier = ">=1.3.2" },
    { name = "psycopg2-binary", specifier = ">=2.9.10" },
    { name = "rabbitmq", specifier = ">=0.2.0" },
    { name = "redis", specifier = ">=6.4.0" },
]

[[package]]
name = "pika"
version = "1.3.2"
source = { registry = "https://pypi.org/simple" }
sdist = { url = "https://files.pythonhosted.org/packages/db/db/d4102f356af18f316c67f2cead8ece307f731dd63140e2c71f170ddacf9b/pika-1.3.2.tar.gz", hash = "sha256:b2a327ddddf8570b4965b3576ac77091b850262d34ce8c1d8cb4e4146aa4145f", size = 145029, upload-time = "2023-05-05T14:25:43.368Z" }
wheels = [
    { url = "https://files.pythonhosted.org/packages/f9/f3/f412836ec714d36f0f4ab581b84c491e3f42c6b5b97a6c6ed1817f3c16d0/pika-1.3.2-py3-none-any.whl", hash = "sha256:0779a7c1fafd805672796085560d290213a465e4f6f76a6fb19e378d8041a14f", size = 155415, upload-time = "2023-05-05T14:25:41.484Z" },
]

[[package]]
name = "prometheus-client"
version = "0.22.1"
source = { registry = "https://pypi.org/simple" }
sdist = { url = "https://files.pythonhosted.org/packages/5e/cf/40dde0a2be27cc1eb41e333d1a674a74ce8b8b0457269cc640fd42b07cf7/prometheus_client-0.22.1.tar.gz", hash = "sha256:190f1331e783cf21eb60bca559354e0a4d4378facecf78f5428c39b675d20d28", size = 69746, upload-time = "2025-06-02T14:29:01.152Z" }
wheels = [
    { url = "https://files.pythonhosted.org/packages/32/ae/ec06af4fe3ee72d16973474f122541746196aaa16cea6f66d18b963c6177/prometheus_client-0.22.1-py3-none-any.whl", hash = "sha256:cca895342e308174341b2cbf99a56bef291fbc0ef7b9e5412a0f26d653ba7094", size = 58694, upload-time = "2025-06-02T14:29:00.068Z" },
]

[[package]]
name = "psycopg2-binary"
version = "2.9.10"
source = { registry = "https://pypi.org/simple" }
sdist = { url = "https://files.pythonhosted.org/packages/cb/0e/bdc8274dc0585090b4e3432267d7be4dfbfd8971c0fa59167c711105a6bf/psycopg2-binary-2.9.10.tar.gz", hash = "sha256:4b3df0e6990aa98acda57d983942eff13d824135fe2250e6522edaa782a06de2", size = 385764, upload-time = "2024-10-16T11:24:58.126Z" }
wheels = [
    { url = "https://files.pythonhosted.org/packages/7a/81/331257dbf2801cdb82105306042f7a1637cc752f65f2bb688188e0de5f0b/psycopg2_binary-2.9.10-cp310-cp310-macosx_12_0_x86_64.whl", hash = "sha256:0ea8e3d0ae83564f2fc554955d327fa081d065c8ca5cc6d2abb643e2c9c1200f", size = 3043397, upload-time = "2024-10-16T11:18:58.647Z" },
    { url = "https://files.pythonhosted.org/packages/e7/9a/7f4f2f031010bbfe6a02b4a15c01e12eb6b9b7b358ab33229f28baadbfc1/psycopg2_binary-2.9.10-cp310-cp310-macosx_14_0_arm64.whl", hash = "sha256:3e9c76f0ac6f92ecfc79516a8034a544926430f7b080ec5a0537bca389ee0906", size = 3274806, upload-time = "2024-10-16T11:19:03.935Z" },
    { url = "https://files.pythonhosted.org/packages/e5/57/8ddd4b374fa811a0b0a0f49b6abad1cde9cb34df73ea3348cc283fcd70b4/psycopg2_binary-2.9.10-cp310-cp310-manylinux_2_17_aarch64.manylinux2014_aarch64.whl", hash = "sha256:2ad26b467a405c798aaa1458ba09d7e2b6e5f96b1ce0ac15d82fd9f95dc38a92", size = 2851361, upload-time = "2024-10-16T11:19:07.277Z" },
    { url = "https://files.pythonhosted.org/packages/f9/66/d1e52c20d283f1f3a8e7e5c1e06851d432f123ef57b13043b4f9b21ffa1f/psycopg2_binary-2.9.10-cp310-cp310-manylinux_2_17_i686.manylinux2014_i686.whl", hash = "sha256:270934a475a0e4b6925b5f804e3809dd5f90f8613621d062848dd82f9cd62007", size = 3080836, upload-time = "2024-10-16T11:19:11.033Z" },
    { url = "https://files.pythonhosted.org/packages/a0/cb/592d44a9546aba78f8a1249021fe7c59d3afb8a0ba51434d6610cc3462b6/psycopg2_binary-2.9.10-cp310-cp310-manylinux_2_17_ppc64le.manylinux2014_ppc64le.whl", hash = "sha256:48b338f08d93e7be4ab2b5f1dbe69dc5e9ef07170fe1f86514422076d9c010d0", size = 3264552, upload-time = "2024-10-16T11:19:14.606Z" },
    { url = "https://files.pythonhosted.org/packages/64/33/c8548560b94b7617f203d7236d6cdf36fe1a5a3645600ada6efd79da946f/psycopg2_binary-2.9.10-cp310-cp310-manylinux_2_17_x86_64.manylinux2014_x86_64.whl", hash = "sha256:7f4152f8f76d2023aac16285576a9ecd2b11a9895373a1f10fd9db54b3ff06b4", size = 3019789, upload-time = "2024-10-16T11:19:18.889Z" },
    { url = "https://files.pythonhosted.org/packages/b0/0e/c2da0db5bea88a3be52307f88b75eec72c4de62814cbe9ee600c29c06334/psycopg2_binary-2.9.10-cp310-cp310-musllinux_1_2_aarch64.whl", hash = "sha256:32581b3020c72d7a421009ee1c6bf4a131ef5f0a968fab2e2de0c9d2bb4577f1", size = 2871776, upload-time = "2024-10-16T11:19:23.023Z" },
    { url = "https://files.pythonhosted.org/packages/15/d7/774afa1eadb787ddf41aab52d4c62785563e29949613c958955031408ae6/psycopg2_binary-2.9.10-cp310-cp310-musllinux_1_2_i686.whl", hash = "sha256:2ce3e21dc3437b1d960521eca599d57408a695a0d3c26797ea0f72e834c7ffe5", size = 2820959, upload-time = "2024-10-16T11:19:26.906Z" },
    { url = "https://files.pythonhosted.org/packages/5e/ed/440dc3f5991a8c6172a1cde44850ead0e483a375277a1aef7cfcec00af07/psycopg2_binary-2.9.10-cp310-cp310-musllinux_1_2_ppc64le.whl", hash = "sha256:e984839e75e0b60cfe75e351db53d6db750b00de45644c5d1f7ee5d1f34a1ce5", size = 2919329, upload-time = "2024-10-16T11:19:30.027Z" },
    { url = "https://files.pythonhosted.org/packages/03/be/2cc8f4282898306732d2ae7b7378ae14e8df3c1231b53579efa056aae887/psycopg2_binary-2.9.10-cp310-cp310-musllinux_1_2_x86_64.whl", hash = "sha256:3c4745a90b78e51d9ba06e2088a2fe0c693ae19cc8cb051ccda44e8df8a6eb53", size = 2957659, upload-time = "2024-10-16T11:19:32.864Z" },
    { url = "https://files.pythonhosted.org/packages/d0/12/fb8e4f485d98c570e00dad5800e9a2349cfe0f71a767c856857160d343a5/psycopg2_binary-2.9.10-cp310-cp310-win32.whl", hash = "sha256:e5720a5d25e3b99cd0dc5c8a440570469ff82659bb09431c1439b92caf184d3b", size = 1024605, upload-time = "2024-10-16T11:19:35.462Z" },
    { url = "https://files.pythonhosted.org/packages/22/4f/217cd2471ecf45d82905dd09085e049af8de6cfdc008b6663c3226dc1c98/psycopg2_binary-2.9.10-cp310-cp310-win_amd64.whl", hash = "sha256:3c18f74eb4386bf35e92ab2354a12c17e5eb4d9798e4c0ad3a00783eae7cd9f1", size = 1163817, upload-time = "2024-10-16T11:19:37.384Z" },
    { url = "https://files.pythonhosted.org/packages/9c/8f/9feb01291d0d7a0a4c6a6bab24094135c2b59c6a81943752f632c75896d6/psycopg2_binary-2.9.10-cp311-cp311-macosx_12_0_x86_64.whl", hash = "sha256:04392983d0bb89a8717772a193cfaac58871321e3ec69514e1c4e0d4957b5aff", size = 3043397, upload-time = "2024-10-16T11:19:40.033Z" },
    { url = "https://files.pythonhosted.org/packages/15/30/346e4683532011561cd9c8dfeac6a8153dd96452fee0b12666058ab7893c/psycopg2_binary-2.9.10-cp311-cp311-macosx_14_0_arm64.whl", hash = "sha256:1a6784f0ce3fec4edc64e985865c17778514325074adf5ad8f80636cd029ef7c", size = 3274806, upload-time = "2024-10-16T11:19:43.5Z" },
    { url = "https://files.pythonhosted.org/packages/66/6e/4efebe76f76aee7ec99166b6c023ff8abdc4e183f7b70913d7c047701b79/psycopg2_binary-2.9.10-cp311-cp311-manylinux_2_17_aarch64.manylinux2014_aarch64.whl", hash = "sha256:b5f86c56eeb91dc3135b3fd8a95dc7ae14c538a2f3ad77a19645cf55bab1799c", size = 2851370, upload-time = "2024-10-16T11:19:46.986Z" },
    { url = "https://files.pythonhosted.org/packages/7f/fd/ff83313f86b50f7ca089b161b8e0a22bb3c319974096093cd50680433fdb/psycopg2_binary-2.9.10-cp311-cp311-manylinux_2_17_i686.manylinux2014_i686.whl", hash = "sha256:2b3d2491d4d78b6b14f76881905c7a8a8abcf974aad4a8a0b065273a0ed7a2cb", size = 3080780, upload-time = "2024-10-16T11:19:50.242Z" },
    { url = "https://files.pythonhosted.org/packages/e6/c4/bfadd202dcda8333a7ccafdc51c541dbdfce7c2c7cda89fa2374455d795f/psycopg2_binary-2.9.10-cp311-cp311-manylinux_2_17_ppc64le.manylinux2014_ppc64le.whl", hash = "sha256:2286791ececda3a723d1910441c793be44625d86d1a4e79942751197f4d30341", size = 3264583, upload-time = "2024-10-16T11:19:54.424Z" },
    { url = "https://files.pythonhosted.org/packages/5d/f1/09f45ac25e704ac954862581f9f9ae21303cc5ded3d0b775532b407f0e90/psycopg2_binary-2.9.10-cp311-cp311-manylinux_2_17_x86_64.manylinux2014_x86_64.whl", hash = "sha256:512d29bb12608891e349af6a0cccedce51677725a921c07dba6342beaf576f9a", size = 3019831, upload-time = "2024-10-16T11:19:57.762Z" },
    { url = "https://files.pythonhosted.org/packages/9e/2e/9beaea078095cc558f215e38f647c7114987d9febfc25cb2beed7c3582a5/psycopg2_binary-2.9.10-cp311-cp311-musllinux_1_2_aarch64.whl", hash = "sha256:5a507320c58903967ef7384355a4da7ff3f28132d679aeb23572753cbf2ec10b", size = 2871822, upload-time = "2024-10-16T11:20:04.693Z" },
    { url = "https://files.pythonhosted.org/packages/01/9e/ef93c5d93f3dc9fc92786ffab39e323b9aed066ba59fdc34cf85e2722271/psycopg2_binary-2.9.10-cp311-cp311-musllinux_1_2_i686.whl", hash = "sha256:6d4fa1079cab9018f4d0bd2db307beaa612b0d13ba73b5c6304b9fe2fb441ff7", size = 2820975, upload-time = "2024-10-16T11:20:11.401Z" },
    { url = "https://files.pythonhosted.org/packages/a5/f0/049e9631e3268fe4c5a387f6fc27e267ebe199acf1bc1bc9cbde4bd6916c/psycopg2_binary-2.9.10-cp311-cp311-musllinux_1_2_ppc64le.whl", hash = "sha256:851485a42dbb0bdc1edcdabdb8557c09c9655dfa2ca0460ff210522e073e319e", size = 2919320, upload-time = "2024-10-16T11:20:17.959Z" },
    { url = "https://files.pythonhosted.org/packages/dc/9a/bcb8773b88e45fb5a5ea8339e2104d82c863a3b8558fbb2aadfe66df86b3/psycopg2_binary-2.9.10-cp311-cp311-musllinux_1_2_x86_64.whl", hash = "sha256:35958ec9e46432d9076286dda67942ed6d968b9c3a6a2fd62b48939d1d78bf68", size = 2957617, upload-time = "2024-10-16T11:20:24.711Z" },
    { url = "https://files.pythonhosted.org/packages/e2/6b/144336a9bf08a67d217b3af3246abb1d027095dab726f0687f01f43e8c03/psycopg2_binary-2.9.10-cp311-cp311-win32.whl", hash = "sha256:ecced182e935529727401b24d76634a357c71c9275b356efafd8a2a91ec07392", size = 1024618, upload-time = "2024-10-16T11:20:27.718Z" },
    { url = "https://files.pythonhosted.org/packages/61/69/3b3d7bd583c6d3cbe5100802efa5beacaacc86e37b653fc708bf3d6853b8/psycopg2_binary-2.9.10-cp311-cp311-win_amd64.whl", hash = "sha256:ee0e8c683a7ff25d23b55b11161c2663d4b099770f6085ff0a20d4505778d6b4", size = 1163816, upload-time = "2024-10-16T11:20:30.777Z" },
    { url = "https://files.pythonhosted.org/packages/49/7d/465cc9795cf76f6d329efdafca74693714556ea3891813701ac1fee87545/psycopg2_binary-2.9.10-cp312-cp312-macosx_12_0_x86_64.whl", hash = "sha256:880845dfe1f85d9d5f7c412efea7a08946a46894537e4e5d091732eb1d34d9a0", size = 3044771, upload-time = "2024-10-16T11:20:35.234Z" },
    { url = "https://files.pythonhosted.org/packages/8b/31/6d225b7b641a1a2148e3ed65e1aa74fc86ba3fee850545e27be9e1de893d/psycopg2_binary-2.9.10-cp312-cp312-macosx_14_0_arm64.whl", hash = "sha256:9440fa522a79356aaa482aa4ba500b65f28e5d0e63b801abf6aa152a29bd842a", size = 3275336, upload-time = "2024-10-16T11:20:38.742Z" },
    { url = "https://files.pythonhosted.org/packages/30/b7/a68c2b4bff1cbb1728e3ec864b2d92327c77ad52edcd27922535a8366f68/psycopg2_binary-2.9.10-cp312-cp312-manylinux_2_17_aarch64.manylinux2014_aarch64.whl", hash = "sha256:e3923c1d9870c49a2d44f795df0c889a22380d36ef92440ff618ec315757e539", size = 2851637, upload-time = "2024-10-16T11:20:42.145Z" },
    { url = "https://files.pythonhosted.org/packages/0b/b1/cfedc0e0e6f9ad61f8657fd173b2f831ce261c02a08c0b09c652b127d813/psycopg2_binary-2.9.10-cp312-cp312-manylinux_2_17_i686.manylinux2014_i686.whl", hash = "sha256:7b2c956c028ea5de47ff3a8d6b3cc3330ab45cf0b7c3da35a2d6ff8420896526", size = 3082097, upload-time = "2024-10-16T11:20:46.185Z" },
    { url = "https://files.pythonhosted.org/packages/18/ed/0a8e4153c9b769f59c02fb5e7914f20f0b2483a19dae7bf2db54b743d0d0/psycopg2_binary-2.9.10-cp312-cp312-manylinux_2_17_ppc64le.manylinux2014_ppc64le.whl", hash = "sha256:f758ed67cab30b9a8d2833609513ce4d3bd027641673d4ebc9c067e4d208eec1", size = 3264776, upload-time = "2024-10-16T11:20:50.879Z" },
    { url = "https://files.pythonhosted.org/packages/10/db/d09da68c6a0cdab41566b74e0a6068a425f077169bed0946559b7348ebe9/psycopg2_binary-2.9.10-cp312-cp312-manylinux_2_17_x86_64.manylinux2014_x86_64.whl", hash = "sha256:8cd9b4f2cfab88ed4a9106192de509464b75a906462fb846b936eabe45c2063e", size = 3020968, upload-time = "2024-10-16T11:20:56.819Z" },
    { url = "https://files.pythonhosted.org/packages/94/28/4d6f8c255f0dfffb410db2b3f9ac5218d959a66c715c34cac31081e19b95/psycopg2_binary-2.9.10-cp312-cp312-musllinux_1_2_aarch64.whl", hash = "sha256:6dc08420625b5a20b53551c50deae6e231e6371194fa0651dbe0fb206452ae1f", size = 2872334, upload-time = "2024-10-16T11:21:02.411Z" },
    { url = "https://files.pythonhosted.org/packages/05/f7/20d7bf796593c4fea95e12119d6cc384ff1f6141a24fbb7df5a668d29d29/psycopg2_binary-2.9.10-cp312-cp312-musllinux_1_2_i686.whl", hash = "sha256:d7cd730dfa7c36dbe8724426bf5612798734bff2d3c3857f36f2733f5bfc7c00", size = 2822722, upload-time = "2024-10-16T11:21:09.01Z" },
    { url = "https://files.pythonhosted.org/packages/4d/e4/0c407ae919ef626dbdb32835a03b6737013c3cc7240169843965cada2bdf/psycopg2_binary-2.9.10-cp312-cp312-musllinux_1_2_ppc64le.whl", hash = "sha256:155e69561d54d02b3c3209545fb08938e27889ff5a10c19de8d23eb5a41be8a5", size = 2920132, upload-time = "2024-10-16T11:21:16.339Z" },
    { url = "https://files.pythonhosted.org/packages/2d/70/aa69c9f69cf09a01da224909ff6ce8b68faeef476f00f7ec377e8f03be70/psycopg2_binary-2.9.10-cp312-cp312-musllinux_1_2_x86_64.whl", hash = "sha256:c3cc28a6fd5a4a26224007712e79b81dbaee2ffb90ff406256158ec4d7b52b47", size = 2959312, upload-time = "2024-10-16T11:21:25.584Z" },
    { url = "https://files.pythonhosted.org/packages/d3/bd/213e59854fafe87ba47814bf413ace0dcee33a89c8c8c814faca6bc7cf3c/psycopg2_binary-2.9.10-cp312-cp312-win32.whl", hash = "sha256:ec8a77f521a17506a24a5f626cb2aee7850f9b69a0afe704586f63a464f3cd64", size = 1025191, upload-time = "2024-10-16T11:21:29.912Z" },
    { url = "https://files.pythonhosted.org/packages/92/29/06261ea000e2dc1e22907dbbc483a1093665509ea586b29b8986a0e56733/psycopg2_binary-2.9.10-cp312-cp312-win_amd64.whl", hash = "sha256:18c5ee682b9c6dd3696dad6e54cc7ff3a1a9020df6a5c0f861ef8bfd338c3ca0", size = 1164031, upload-time = "2024-10-16T11:21:34.211Z" },
    { url = "https://files.pythonhosted.org/packages/3e/30/d41d3ba765609c0763505d565c4d12d8f3c79793f0d0f044ff5a28bf395b/psycopg2_binary-2.9.10-cp313-cp313-macosx_12_0_x86_64.whl", hash = "sha256:26540d4a9a4e2b096f1ff9cce51253d0504dca5a85872c7f7be23be5a53eb18d", size = 3044699, upload-time = "2024-10-16T11:21:42.841Z" },
    { url = "https://files.pythonhosted.org/packages/35/44/257ddadec7ef04536ba71af6bc6a75ec05c5343004a7ec93006bee66c0bc/psycopg2_binary-2.9.10-cp313-cp313-macosx_14_0_arm64.whl", hash = "sha256:e217ce4d37667df0bc1c397fdcd8de5e81018ef305aed9415c3b093faaeb10fb", size = 3275245, upload-time = "2024-10-16T11:21:51.989Z" },
    { url = "https://files.pythonhosted.org/packages/1b/11/48ea1cd11de67f9efd7262085588790a95d9dfcd9b8a687d46caf7305c1a/psycopg2_binary-2.9.10-cp313-cp313-manylinux_2_17_aarch64.manylinux2014_aarch64.whl", hash = "sha256:245159e7ab20a71d989da00f280ca57da7641fa2cdcf71749c193cea540a74f7", size = 2851631, upload-time = "2024-10-16T11:21:57.584Z" },
    { url = "https://files.pythonhosted.org/packages/62/e0/62ce5ee650e6c86719d621a761fe4bc846ab9eff8c1f12b1ed5741bf1c9b/psycopg2_binary-2.9.10-cp313-cp313-manylinux_2_17_i686.manylinux2014_i686.whl", hash = "sha256:3c4ded1a24b20021ebe677b7b08ad10bf09aac197d6943bfe6fec70ac4e4690d", size = 3082140, upload-time = "2024-10-16T11:22:02.005Z" },
    { url = "https://files.pythonhosted.org/packages/27/ce/63f946c098611f7be234c0dd7cb1ad68b0b5744d34f68062bb3c5aa510c8/psycopg2_binary-2.9.10-cp313-cp313-manylinux_2_17_ppc64le.manylinux2014_ppc64le.whl", hash = "sha256:3abb691ff9e57d4a93355f60d4f4c1dd2d68326c968e7db17ea96df3c023ef73", size = 3264762, upload-time = "2024-10-16T11:22:06.412Z" },
    { url = "https://files.pythonhosted.org/packages/43/25/c603cd81402e69edf7daa59b1602bd41eb9859e2824b8c0855d748366ac9/psycopg2_binary-2.9.10-cp313-cp313-manylinux_2_17_x86_64.manylinux2014_x86_64.whl", hash = "sha256:8608c078134f0b3cbd9f89b34bd60a943b23fd33cc5f065e8d5f840061bd0673", size = 3020967, upload-time = "2024-10-16T11:22:11.583Z" },
    { url = "https://files.pythonhosted.org/packages/5f/d6/8708d8c6fca531057fa170cdde8df870e8b6a9b136e82b361c65e42b841e/psycopg2_binary-2.9.10-cp313-cp313-musllinux_1_2_aarch64.whl", hash = "sha256:230eeae2d71594103cd5b93fd29d1ace6420d0b86f4778739cb1a5a32f607d1f", size = 2872326, upload-time = "2024-10-16T11:22:16.406Z" },
    { url = "https://files.pythonhosted.org/packages/ce/ac/5b1ea50fc08a9df82de7e1771537557f07c2632231bbab652c7e22597908/psycopg2_binary-2.9.10-cp313-cp313-musllinux_1_2_i686.whl", hash = "sha256:bb89f0a835bcfc1d42ccd5f41f04870c1b936d8507c6df12b7737febc40f0909", size = 2822712, upload-time = "2024-10-16T11:22:21.366Z" },
    { url = "https://files.pythonhosted.org/packages/c4/fc/504d4503b2abc4570fac3ca56eb8fed5e437bf9c9ef13f36b6621db8ef00/psycopg2_binary-2.9.10-cp313-cp313-musllinux_1_2_ppc64le.whl", hash = "sha256:f0c2d907a1e102526dd2986df638343388b94c33860ff3bbe1384130828714b1", size = 2920155, upload-time = "2024-10-16T11:22:25.684Z" },
    { url = "https://files.pythonhosted.org/packages/b2/d1/323581e9273ad2c0dbd1902f3fb50c441da86e894b6e25a73c3fda32c57e/psycopg2_binary-2.9.10-cp313-cp313-musllinux_1_2_x86_64.whl", hash = "sha256:f8157bed2f51db683f31306aa497311b560f2265998122abe1dce6428bd86567", size = 2959356, upload-time = "2024-10-16T11:22:30.562Z" },
    { url = "https://files.pythonhosted.org/packages/08/50/d13ea0a054189ae1bc21af1d85b6f8bb9bbc5572991055d70ad9006fe2d6/psycopg2_binary-2.9.10-cp313-cp313-win_amd64.whl", hash = "sha256:27422aa5f11fbcd9b18da48373eb67081243662f9b46e6fd07c3eb46e4535142", size = 2569224, upload-time = "2025-01-04T20:09:19.234Z" },
]

[[package]]
name = "pycparser"
version = "2.22"
source = { registry = "https://pypi.org/simple" }
sdist = { url = "https://files.pythonhosted.org/packages/1d/b2/31537cf4b1ca988837256c910a668b553fceb8f069bedc4b1c826024b52c/pycparser-2.22.tar.gz", hash = "sha256:491c8be9c040f5390f5bf44a5b07752bd07f56edf992381b05c701439eec10f6", size = 172736, upload-time = "2024-03-30T13:22:22.564Z" }
wheels = [
    { url = "https://files.pythonhosted.org/packages/13/a3/a812df4e2dd5696d1f351d58b8fe16a405b234ad2886a0dab9183fb78109/pycparser-2.22-py3-none-any.whl", hash = "sha256:c3702b6d3dd8c7abc1afa565d7e63d53a1d0bd86cdc24edd75470f4de499cfcc", size = 117552, upload-time = "2024-03-30T13:22:20.476Z" },
]

[[package]]
name = "rabbitmq"
version = "0.2.0"
source = { registry = "https://pypi.org/simple" }
dependencies = [
    { name = "cffi" },
]
wheels = [
    { url = "https://files.pythonhosted.org/packages/bc/1d/6b4397309786eaba2dee82285773c383d41ab4b3ffdb933d9af48de52025/rabbitmq-0.2.0-py2.py3-none-any.whl", hash = "sha256:74cfbc0f365019a8f318cd1ad9b1f85682768568fa3816740df37509a6dfbc2d", size = 7865, upload-time = "2017-06-07T08:46:41.716Z" },
]

[[package]]
name = "redis"
version = "6.4.0"
source = { registry = "https://pypi.org/simple" }
dependencies = [
    { name = "async-timeout", marker = "python_full_version < '3.11.3'" },
]
sdist = { url = "https://files.pythonhosted.org/packages/0d/d6/e8b92798a5bd67d659d51a18170e91c16ac3b59738d91894651ee255ed49/redis-6.4.0.tar.gz", hash = "sha256:b01bc7282b8444e28ec36b261df5375183bb47a07eb9c603f284e89cbc5ef010", size = 4647399, upload-time = "2025-08-07T08:10:11.441Z" }
wheels = [
    { url = "https://files.pythonhosted.org/packages/e8/02/89e2ed7e85db6c93dfa9e8f691c5087df4e3551ab39081a4d7c6d1f90e05/redis-6.4.0-py3-none-any.whl", hash = "sha256:f0544fa9604264e9464cdf4814e7d4830f74b165d52f2a330a760a88dd248b7f", size = 279847, upload-time = "2025-08-07T08:10:09.84Z" },
]

[[package]]
name = "sqlparse"
version = "0.5.3"
source = { registry = "https://pypi.org/simple" }
sdist = { url = "https://files.pythonhosted.org/packages/e5/40/edede8dd6977b0d3da179a342c198ed100dd2aba4be081861ee5911e4da4/sqlparse-0.5.3.tar.gz", hash = "sha256:09f67787f56a0b16ecdbde1bfc7f5d9c3371ca683cfeaa8e6ff60b4807ec9272", size = 84999, upload-time = "2024-12-10T12:05:30.728Z" }
wheels = [
    { url = "https://files.pythonhosted.org/packages/a9/5c/bfd6bd0bf979426d405cc6e71eceb8701b148b16c21d2dc3c261efc61c7b/sqlparse-0.5.3-py3-none-any.whl", hash = "sha256:cf2196ed3418f3ba5de6af7e82c694a9fbdbfecccdfc72e281548517081f16ca", size = 44415, upload-time = "2024-12-10T12:05:27.824Z" },
]

[[package]]
name = "typing-extensions"
version = "4.14.1"
source = { registry = "https://pypi.org/simple" }
sdist = { url = "https://files.pythonhosted.org/packages/98/5a/da40306b885cc8c09109dc2e1abd358d5684b1425678151cdaed4731c822/typing_extensions-4.14.1.tar.gz", hash = "sha256:38b39f4aeeab64884ce9f74c94263ef78f3c22467c8724005483154c26648d36", size = 107673, upload-time = "2025-07-04T13:28:34.16Z" }
wheels = [
    { url = "https://files.pythonhosted.org/packages/b5/00/d631e67a838026495268c2f6884f3711a15a9a2a96cd244fdaea53b823fb/typing_extensions-4.14.1-py3-none-any.whl", hash = "sha256:d1e1e3b58374dc93031d6eda2420a48ea44a36c2b4766a4fdeb3710755731d76", size = 43906, upload-time = "2025-07-04T13:28:32.743Z" },
]

[[package]]
name = "tzdata"
version = "2025.2"
source = { registry = "https://pypi.org/simple" }
sdist = { url = "https://files.pythonhosted.org/packages/95/32/1a225d6164441be760d75c2c42e2780dc0873fe382da3e98a2e1e48361e5/tzdata-2025.2.tar.gz", hash = "sha256:b60a638fcc0daffadf82fe0f57e53d06bdec2f36c4df66280ae79bce6bd6f2b9", size = 196380, upload-time = "2025-03-23T13:54:43.652Z" }
wheels = [
    { url = "https://files.pythonhosted.org/packages/5c/23/c7abc0ca0a1526a0774eca151daeb8de62ec457e77262b66b359c3c7679e/tzdata-2025.2-py2.py3-none-any.whl", hash = "sha256:1a403fada01ff9221ca8044d701868fa132215d84beb92242d9acd2147f667a8", size = 347839, upload-time = "2025-03-23T13:54:41.845Z" },
]
